
Microsoft Visual Studio Solution File, Format Version 12.00
# Visual Studio 15
VisualStudioVersion = 15.0.28307.168
MinimumVisualStudioVersion = 10.0.40219.1
Project("{FAE04EC0-301F-11D3-BF4B-00C04F79EFBC}") = "C0727128", "C0727128\C0727128.csproj", "{31F2E3FE-D89B-44E5-8BAC-08239726AA32}"
EndProject
Global
	GlobalSection(SolutionConfigurationPlatforms) = preSolution
		Debug|Any CPU = Debug|Any CPU
		Release|Any CPU = Release|Any CPU
	EndGlobalSection
	GlobalSection(ProjectConfigurationPlatforms) = postSolution
		{31F2E3FE-D89B-44E5-8BAC-08239726AA32}.Debug|Any CPU.ActiveCfg = Debug|Any CPU
		{31F2E3FE-D89B-44E5-8BAC-08239726AA32}.Debug|Any CPU.Build.0 = Debug|Any CPU
		{31F2E3FE-D89B-44E5-8BAC-08239726AA32}.Release|Any CPU.ActiveCfg = Release|Any CPU
		{31F2E3FE-D89B-44E5-8BAC-08239726AA32}.Release|Any CPU.Build.0 = Release|Any CPU
	EndGlobalSection
	GlobalSection(SolutionProperties) = preSolution
		HideSolutionNode = FALSE
	EndGlobalSection
	GlobalSection(ExtensibilityGlobals) = postSolution
		SolutionGuid = {A6EB3F4C-EF9C-42A7-9AAA-FC0C9363F542}
	EndGlobalSection
EndGlobal
